// !$*UTF8*$!
{
	archiveVersion = 1;
	objectVersion = 56;
	objects = {
		100000000000000000000001 = {isa = PBXBuildFile; fileRef = 400000000000000000000001; };
		100000000000000000000002 = {isa = PBXBuildFile; fileRef = 400000000000000000000002; };
		100000000000000000000003 = {isa = PBXBuildFile; fileRef = 400000000000000000000003; };
		100000000000000000000004 = {isa = PBXBuildFile; fileRef = 400000000000000000000004; };
		100000000000000000000005 = {isa = PBXBuildFile; fileRef = 400000000000000000000005; };
		100000000000000000000006 = {isa = PBXBuildFile; fileRef = 400000000000000000000006; };
		100000000000000000000007 = {isa = PBXBuildFile; fileRef = 400000000000000000000007; };
		100000000000000000000009 = {isa = PBXBuildFile; fileRef = 400000000000000000000009; };
		100000000000000000000010 = {isa = PBXBuildFile; fileRef = 400000000000000000000010; };
		100000000000000000000011 = {isa = PBXBuildFile; fileRef = 400000000000000000000011; };
		100000000000000000000012 = {isa = PBXBuildFile; fileRef = 400000000000000000000012; };
		100000000000000000000013 = {isa = PBXBuildFile; fileRef = 400000000000000000000013; };
		200000000000000000000001 = {isa = PBXContainerItemProxy; containerPortal = 800000000000000000000001; proxyType = 1; remoteGlobalIDString = 700000000000000000000001; remoteInfo = KintTany; };
		300000000000000000000001 = {isa = PBXFileReference; explicitFileType = wrapper.application; includeInIndex = 0; path = KintTany.app; sourceTree = BUILT_PRODUCTS_DIR; };
		300000000000000000000002 = {isa = PBXFileReference; explicitFileType = wrapper.cfbundle; includeInIndex = 0; path = KintTanyTests.xctest; sourceTree = BUILT_PRODUCTS_DIR; };
		400000000000000000000001 = {isa = PBXFileReference; lastKnownFileType = sourcecode.swift; path = App/KintTanyApp.swift; sourceTree = "<group>"; };
		400000000000000000000002 = {isa = PBXFileReference; lastKnownFileType = sourcecode.swift; path = Core/AppStore.swift; sourceTree = "<group>"; };
		400000000000000000000003 = {isa = PBXFileReference; lastKnownFileType = sourcecode.swift; path = Protocol/RealtimeProtocol.swift; sourceTree = "<group>"; };
		400000000000000000000004 = {isa = PBXFileReference; lastKnownFileType = sourcecode.swift; path = Networking/RealtimeSocket.swift; sourceTree = "<group>"; };
		400000000000000000000005 = {isa = PBXFileReference; lastKnownFileType = sourcecode.swift; path = UI/RootView.swift; sourceTree = "<group>"; };
		400000000000000000000006 = {isa = PBXFileReference; lastKnownFileType = sourcecode.swift; path = Auth/KeychainStore.swift; sourceTree = "<group>"; };
		400000000000000000000007 = {isa = PBXFileReference; lastKnownFileType = sourcecode.swift; path = Auth/LoginWebView.swift; sourceTree = "<group>"; };
		400000000000000000000008 = {isa = PBXFileReference; lastKnownFileType = text.plist.xml; path = Info.plist; sourceTree = "<group>"; };
		400000000000000000000009 = {isa = PBXFileReference; lastKnownFileType = sourcecode.swift; path = RealtimeProtocolTests.swift; sourceTree = "<group>"; };
		400000000000000000000010 = {isa = PBXFileReference; lastKnownFileType = wrapper.framework; name = XCTest.framework; path = System/Library/Frameworks/XCTest.framework; sourceTree = SDKROOT; };
		400000000000000000000011 = {isa = PBXFileReference; lastKnownFileType = sourcecode.swift; path = Bot/AutomationEngine.swift; sourceTree = "<group>"; };
		400000000000000000000012 = {isa = PBXFileReference; lastKnownFileType = folder.assetcatalog; path = Assets.xcassets; sourceTree = "<group>"; };
		400000000000000000000013 = {isa = PBXFileReference; lastKnownFileType = sourcecode.swift; path = Persistence/GatherKnowledgeStore.swift; sourceTree = "<group>"; };
		500000000000000000000001 = {isa = PBXFrameworksBuildPhase; buildActionMask = 2147483647; files = (); runOnlyForDeploymentPostprocessing = 0; };
		500000000000000000000002 = {isa = PBXFrameworksBuildPhase; buildActionMask = 2147483647; files = (100000000000000000000010,); runOnlyForDeploymentPostprocessing = 0; };
		600000000000000000000001 = {isa = PBXGroup; children = (600000000000000000000002, 600000000000000000000003, 600000000000000000000004); sourceTree = "<group>"; };
		600000000000000000000002 = {isa = PBXGroup; children = (400000000000000000000001, 400000000000000000000002, 400000000000000000000003, 400000000000000000000004, 400000000000000000000005, 400000000000000000000006, 400000000000000000000007, 400000000000000000000008, 400000000000000000000011, 400000000000000000000012, 400000000000000000000013); path = KintTany; sourceTree = "<group>"; };
		600000000000000000000003 = {isa = PBXGroup; children = (400000000000000000000009); path = KintTanyTests; sourceTree = "<group>"; };
		600000000000000000000004 = {isa = PBXGroup; children = (300000000000000000000001, 300000000000000000000002); name = Products; sourceTree = "<group>"; };
		700000000000000000000001 = {isa = PBXNativeTarget; buildConfigurationList = C00000000000000000000001; buildPhases = (A00000000000000000000001, A00000000000000000000002, A00000000000000000000003); buildRules = (); dependencies = (); name = KintTany; productName = KintTany; productReference = 300000000000000000000001; productType = "com.apple.product-type.application"; };
		700000000000000000000002 = {isa = PBXNativeTarget; buildConfigurationList = C00000000000000000000002; buildPhases = (A00000000000000000000004, A00000000000000000000005, A00000000000000000000006); buildRules = (); dependencies = (200000000000000000000002,); name = KintTanyTests; productName = KintTanyTests; productReference = 300000000000000000000002; productType = "com.apple.product-type.bundle.unit-test"; };
		800000000000000000000001 = {isa = PBXProject; attributes = { LastUpgradeCheck = 1600; TargetAttributes = { 700000000000000000000001 = { CreatedOnToolsVersion = 16.0; }; 700000000000000000000002 = { CreatedOnToolsVersion = 16.0; TestTargetID = 700000000000000000000001; }; }; }; buildConfigurationList = C00000000000000000000000; compatibilityVersion = "Xcode 14.0"; developmentRegion = en; hasScannedForEncodings = 0; mainGroup = 600000000000000000000001; productRefGroup = 600000000000000000000004; projectDirPath = ""; projectRoot = ""; targets = (700000000000000000000001, 700000000000000000000002); };
		A00000000000000000000002 = {isa = PBXResourcesBuildPhase; buildActionMask = 2147483647; files = (100000000000000000000012,); runOnlyForDeploymentPostprocessing = 0; };
		A00000000000000000000005 = {isa = PBXResourcesBuildPhase; buildActionMask = 2147483647; files = (); runOnlyForDeploymentPostprocessing = 0; };
		A00000000000000000000001 = {isa = PBXSourcesBuildPhase; buildActionMask = 2147483647; files = (100000000000000000000001, 100000000000000000000002, 100000000000000000000003, 100000000000000000000004, 100000000000000000000005, 100000000000000000000006, 100000000000000000000007, 100000000000000000000011, 100000000000000000000013); runOnlyForDeploymentPostprocessing = 0; };
		A00000000000000000000004 = {isa = PBXSourcesBuildPhase; buildActionMask = 2147483647; files = (100000000000000000000009,); runOnlyForDeploymentPostprocessing = 0; };
		200000000000000000000002 = {isa = PBXTargetDependency; target = 700000000000000000000001; targetProxy = 200000000000000000000001; };
		900000000000000000000001 = {isa = XCBuildConfiguration; buildSettings = { ALWAYS_SEARCH_USER_PATHS = NO; SWIFT_VERSION = 5.0; }; name = Debug; };
		900000000000000000000002 = {isa = XCBuildConfiguration; buildSettings = { ALWAYS_SEARCH_USER_PATHS = NO; SWIFT_VERSION = 5.0; }; name = Release; };
		A10000000000000000000001 = {isa = XCBuildConfiguration; buildSettings = { ASSETCATALOG_COMPILER_APPICON_NAME = AppIcon; CODE_SIGN_STYLE = Automatic; CURRENT_PROJECT_VERSION = 43; MARKETING_VERSION = 3.0; ENABLE_TESTABILITY = YES; GENERATE_INFOPLIST_FILE = NO; INFOPLIST_FILE = KintTany/Info.plist; IPHONEOS_DEPLOYMENT_TARGET = 17.0; PRODUCT_BUNDLE_IDENTIFIER = com.joaopedro.kinttany; PRODUCT_NAME = KintTany; SDKROOT = iphoneos; SWIFT_OPTIMIZATION_LEVEL = "-Onone"; SWIFT_VERSION = 5.0; TARGETED_DEVICE_FAMILY = 1; }; name = Debug; };
		A10000000000000000000002 = {isa = XCBuildConfiguration; buildSettings = { ASSETCATALOG_COMPILER_APPICON_NAME = AppIcon; CODE_SIGN_STYLE = Automatic; CURRENT_PROJECT_VERSION = 43; MARKETING_VERSION = 3.0; GENERATE_INFOPLIST_FILE = NO; INFOPLIST_FILE = KintTany/Info.plist; IPHONEOS_DEPLOYMENT_TARGET = 17.0; PRODUCT_BUNDLE_IDENTIFIER = com.joaopedro.kinttany; PRODUCT_NAME = KintTany; SDKROOT = iphoneos; SWIFT_VERSION = 5.0; TARGETED_DEVICE_FAMILY = 1; }; name = Release; };
		B10000000000000000000001 = {isa = XCBuildConfiguration; buildSettings = { BUNDLE_LOADER = "$(TEST_HOST)"; CODE_SIGN_STYLE = Automatic; GENERATE_INFOPLIST_FILE = YES; IPHONEOS_DEPLOYMENT_TARGET = 17.0; PRODUCT_BUNDLE_IDENTIFIER = com.joaopedro.kinttany.tests; PRODUCT_NAME = KintTanyTests; SWIFT_VERSION = 5.0; TEST_HOST = "$(BUILT_PRODUCTS_DIR)/KintTany.app/KintTany"; }; name = Debug; };
		B10000000000000000000002 = {isa = XCBuildConfiguration; buildSettings = { BUNDLE_LOADER = "$(TEST_HOST)"; CODE_SIGN_STYLE = Automatic; GENERATE_INFOPLIST_FILE = YES; IPHONEOS_DEPLOYMENT_TARGET = 17.0; PRODUCT_BUNDLE_IDENTIFIER = com.joaopedro.kinttany.tests; PRODUCT_NAME = KintTanyTests; SWIFT_VERSION = 5.0; TEST_HOST = "$(BUILT_PRODUCTS_DIR)/KintTany.app/KintTany"; }; name = Release; };
		C00000000000000000000000 = {isa = XCConfigurationList; buildConfigurations = (900000000000000000000001, 900000000000000000000002); defaultConfigurationIsVisible = 0; defaultConfigurationName = Release; };
		C00000000000000000000001 = {isa = XCConfigurationList; buildConfigurations = (A10000000000000000000001, A10000000000000000000002); defaultConfigurationIsVisible = 0; defaultConfigurationName = Release; };
		C00000000000000000000002 = {isa = XCConfigurationList; buildConfigurations = (B10000000000000000000001, B10000000000000000000002); defaultConfigurationIsVisible = 0; defaultConfigurationName = Release; };
		A00000000000000000000003 = {isa = PBXFrameworksBuildPhase; buildActionMask = 2147483647; files = (); runOnlyForDeploymentPostprocessing = 0; };
		A00000000000000000000006 = {isa = PBXFrameworksBuildPhase; buildActionMask = 2147483647; files = (100000000000000000000010,); runOnlyForDeploymentPostprocessing = 0; };
	};
	rootObject = 800000000000000000000001;
}
